// !$*UTF8*$!
{
	archiveVersion = 1;
	classes = {
	};
	objectVersion = 56;
	objects = {

/* Begin PBXBuildFile section */
		C902BE852B6864DF0004FA7D /* GoogleService-Info.plist in Resources */ = {isa = PBXBuildFile; fileRef = C902BE842B6864DF0004FA7D /* GoogleService-Info.plist */; };
		C922E2822B6AAC3B00B7B52F /* FirebaseAnalytics in Frameworks */ = {isa = PBXBuildFile; productRef = C922E2812B6AAC3B00B7B52F /* FirebaseAnalytics */; };
		C922E2842B6AAC3B00B7B52F /* FirebaseAuth in Frameworks */ = {isa = PBXBuildFile; productRef = C922E2832B6AAC3B00B7B52F /* FirebaseAuth */; };
		C922E2862B6AAC3B00B7B52F /* FirebaseDatabase in Frameworks */ = {isa = PBXBuildFile; productRef = C922E2852B6AAC3B00B7B52F /* FirebaseDatabase */; };
		C922E2882B6AAC3B00B7B52F /* FirebaseFirestore in Frameworks */ = {isa = PBXBuildFile; productRef = C922E2872B6AAC3B00B7B52F /* FirebaseFirestore */; };
		C922E28A2B6AAC3B00B7B52F /* FirebaseInAppMessaging-Beta in Frameworks */ = {isa = PBXBuildFile; productRef = C922E2892B6AAC3B00B7B52F /* FirebaseInAppMessaging-Beta */; };
		C922E28C2B6AAC3B00B7B52F /* FirebaseInAppMessagingSwift-Beta in Frameworks */ = {isa = PBXBuildFile; productRef = C922E28B2B6AAC3B00B7B52F /* FirebaseInAppMessagingSwift-Beta */; };
		C922E28E2B6AAC3B00B7B52F /* FirebaseMessaging in Frameworks */ = {isa = PBXBuildFile; productRef = C922E28D2B6AAC3B00B7B52F /* FirebaseMessaging */; };
		C922E2902B6AAC3B00B7B52F /* FirebaseStorage in Frameworks */ = {isa = PBXBuildFile; productRef = C922E28F2B6AAC3B00B7B52F /* FirebaseStorage */; };
		C922E2922B6AC53C00B7B52F /* OnboardingViewController.swift in Sources */ = {isa = PBXBuildFile; fileRef = C922E2912B6AC53C00B7B52F /* OnboardingViewController.swift */; };
		C922E2942B6AC68F00B7B52F /* QuestionViewController.swift in Sources */ = {isa = PBXBuildFile; fileRef = C922E2932B6AC68F00B7B52F /* QuestionViewController.swift */; };
		C92BA8162B6B320000511CBD /* ManagerNameViewController.swift in Sources */ = {isa = PBXBuildFile; fileRef = C92BA8152B6B320000511CBD /* ManagerNameViewController.swift */; };
		C92BA8182B6B327C00511CBD /* HowManyModelsViewController.swift in Sources */ = {isa = PBXBuildFile; fileRef = C92BA8172B6B327C00511CBD /* HowManyModelsViewController.swift */; };
		C92BA81C2B6B3BB700511CBD /* AddModelLinksViewController.swift in Sources */ = {isa = PBXBuildFile; fileRef = C92BA81B2B6B3BB700511CBD /* AddModelLinksViewController.swift */; };
		C939F0B82B5DC04400EAC39F /* OFAPICALLER.swift in Sources */ = {isa = PBXBuildFile; fileRef = C939F0B72B5DC04400EAC39F /* OFAPICALLER.swift */; };
		C939F0BA2B5DC2E400EAC39F /* OFMODELDATA.swift in Sources */ = {isa = PBXBuildFile; fileRef = C939F0B92B5DC2E400EAC39F /* OFMODELDATA.swift */; };
		C9441CF82B5F135D00C682E7 /* ReminderViewController.swift in Sources */ = {isa = PBXBuildFile; fileRef = C9441CF72B5F135D00C682E7 /* ReminderViewController.swift */; };
		C9441CFA2B5F18CF00C682E7 /* ReminderViewViewController.swift in Sources */ = {isa = PBXBuildFile; fileRef = C9441CF92B5F18CF00C682E7 /* ReminderViewViewController.swift */; };
		C9441CFC2B5F459900C682E7 /* scheduledViewController.swift in Sources */ = {isa = PBXBuildFile; fileRef = C9441CFB2B5F459900C682E7 /* scheduledViewController.swift */; };
		C9441CFE2B5F45AD00C682E7 /* todayViewController.swift in Sources */ = {isa = PBXBuildFile; fileRef = C9441CFD2B5F45AD00C682E7 /* todayViewController.swift */; };
		C9441D002B5F45D500C682E7 /* allViewController.swift in Sources */ = {isa = PBXBuildFile; fileRef = C9441CFF2B5F45D500C682E7 /* allViewController.swift */; };
		C94ED0212B741A7C00BD0A02 /* Notification.swift in Sources */ = {isa = PBXBuildFile; fileRef = C94ED0202B741A7C00BD0A02 /* Notification.swift */; };
		C953C8392B6D6FF500121C55 /* ManagerSelectOptionViewController.swift in Sources */ = {isa = PBXBuildFile; fileRef = C953C8382B6D6FF500121C55 /* ManagerSelectOptionViewController.swift */; };
		C953C83B2B6D71E100121C55 /* Manager.swift in Sources */ = {isa = PBXBuildFile; fileRef = C953C83A2B6D71E100121C55 /* Manager.swift */; };
		C96111392B6C007A00045F55 /* UserData.swift in Sources */ = {isa = PBXBuildFile; fileRef = C96111382B6C007A00045F55 /* UserData.swift */; };
		C961113B2B6C041900045F55 /* Model.swift in Sources */ = {isa = PBXBuildFile; fileRef = C961113A2B6C041900045F55 /* Model.swift */; };
		C964D7A22B6EEAA100E6CCA8 /* UserDataPersistence.swift in Sources */ = {isa = PBXBuildFile; fileRef = C964D7A12B6EEAA100E6CCA8 /* UserDataPersistence.swift */; };
		C964D7A42B6F174D00E6CCA8 /* User.swift in Sources */ = {isa = PBXBuildFile; fileRef = C964D7A32B6F174D00E6CCA8 /* User.swift */; };
		C964D7A62B6F19F600E6CCA8 /* User Profile.swift in Sources */ = {isa = PBXBuildFile; fileRef = C964D7A52B6F19F600E6CCA8 /* User Profile.swift */; };
		C978887C2B5E172D00F00409 /* DataViewController.swift in Sources */ = {isa = PBXBuildFile; fileRef = C978887B2B5E172D00F00409 /* DataViewController.swift */; };
		C978887E2B5ED0B800F00409 /* SignUPViewController.swift in Sources */ = {isa = PBXBuildFile; fileRef = C978887D2B5ED0B800F00409 /* SignUPViewController.swift */; };
		C97888802B5ED21300F00409 /* NavSelectorViewController.swift in Sources */ = {isa = PBXBuildFile; fileRef = C978887F2B5ED21300F00409 /* NavSelectorViewController.swift */; };
		C97888852B5EE21D00F00409 /* SelectOptionViewController.swift in Sources */ = {isa = PBXBuildFile; fileRef = C97888842B5EE21D00F00409 /* SelectOptionViewController.swift */; };
		C9831A952B6FFF3B001FA960 /* UserDataSingleton.swift in Sources */ = {isa = PBXBuildFile; fileRef = C9831A942B6FFF3B001FA960 /* UserDataSingleton.swift */; };
		C98614892B67F3F0001D124A /* SDWebImage in Frameworks */ = {isa = PBXBuildFile; productRef = C98614882B67F3F0001D124A /* SDWebImage */; };
		C986148B2B67F3F0001D124A /* SDWebImageMapKit in Frameworks */ = {isa = PBXBuildFile; productRef = C986148A2B67F3F0001D124A /* SDWebImageMapKit */; };
		C9BA17402B69947700195804 /* LoginViewController.swift in Sources */ = {isa = PBXBuildFile; fileRef = C9BA173F2B69947700195804 /* LoginViewController.swift */; };
		C9C8030D2B6C354A00C3F8D3 /* ModelCell.swift in Sources */ = {isa = PBXBuildFile; fileRef = C9C8030C2B6C354A00C3F8D3 /* ModelCell.swift */; };
		C9C8030F2B6C5D1700C3F8D3 /* ModelsNavSelectorViewController.swift in Sources */ = {isa = PBXBuildFile; fileRef = C9C8030E2B6C5D1700C3F8D3 /* ModelsNavSelectorViewController.swift */; };
		C9C871E62B71E0E100A27E9B /* UserDataManager.swift in Sources */ = {isa = PBXBuildFile; fileRef = C9C871E52B71E0E100A27E9B /* UserDataManager.swift */; };
		C9D0419C2B6B1E5100BF09F5 /* AddLinksViewController.swift in Sources */ = {isa = PBXBuildFile; fileRef = C9D0419B2B6B1E5100BF09F5 /* AddLinksViewController.swift */; };
		C9FB4D9F2B5D9DB6001D962A /* AppDelegate.swift in Sources */ = {isa = PBXBuildFile; fileRef = C9FB4D9E2B5D9DB6001D962A /* AppDelegate.swift */; };
		C9FB4DA12B5D9DB6001D962A /* SceneDelegate.swift in Sources */ = {isa = PBXBuildFile; fileRef = C9FB4DA02B5D9DB6001D962A /* SceneDelegate.swift */; };
		C9FB4DA32B5D9DB6001D962A /* ViewController.swift in Sources */ = {isa = PBXBuildFile; fileRef = C9FB4DA22B5D9DB6001D962A /* ViewController.swift */; };
		C9FB4DA62B5D9DB6001D962A /* Main.storyboard in Resources */ = {isa = PBXBuildFile; fileRef = C9FB4DA42B5D9DB6001D962A /* Main.storyboard */; };
		C9FB4DA82B5D9DB8001D962A /* Assets.xcassets in Resources */ = {isa = PBXBuildFile; fileRef = C9FB4DA72B5D9DB8001D962A /* Assets.xcassets */; };
		C9FB4DAB2B5D9DB8001D962A /* LaunchScreen.storyboard in Resources */ = {isa = PBXBuildFile; fileRef = C9FB4DA92B5D9DB8001D962A /* LaunchScreen.storyboard */; };
/* End PBXBuildFile section */

/* Begin PBXFileReference section */
		C902BE842B6864DF0004FA7D /* GoogleService-Info.plist */ = {isa = PBXFileReference; fileEncoding = 4; lastKnownFileType = text.plist.xml; path = "GoogleService-Info.plist"; sourceTree = "<group>"; };
		C922E2912B6AC53C00B7B52F /* OnboardingViewController.swift */ = {isa = PBXFileReference; lastKnownFileType = sourcecode.swift; path = OnboardingViewController.swift; sourceTree = "<group>"; };
		C922E2932B6AC68F00B7B52F /* QuestionViewController.swift */ = {isa = PBXFileReference; lastKnownFileType = sourcecode.swift; path = QuestionViewController.swift; sourceTree = "<group>"; };
		C92BA8152B6B320000511CBD /* ManagerNameViewController.swift */ = {isa = PBXFileReference; lastKnownFileType = sourcecode.swift; path = ManagerNameViewController.swift; sourceTree = "<group>"; };
		C92BA8172B6B327C00511CBD /* HowManyModelsViewController.swift */ = {isa = PBXFileReference; lastKnownFileType = sourcecode.swift; path = HowManyModelsViewController.swift; sourceTree = "<group>"; };
		C92BA81B2B6B3BB700511CBD /* AddModelLinksViewController.swift */ = {isa = PBXFileReference; lastKnownFileType = sourcecode.swift; path = AddModelLinksViewController.swift; sourceTree = "<group>"; };
		C939F0B72B5DC04400EAC39F /* OFAPICALLER.swift */ = {isa = PBXFileReference; lastKnownFileType = sourcecode.swift; path = OFAPICALLER.swift; sourceTree = "<group>"; };
		C939F0B92B5DC2E400EAC39F /* OFMODELDATA.swift */ = {isa = PBXFileReference; lastKnownFileType = sourcecode.swift; path = OFMODELDATA.swift; sourceTree = "<group>"; };
		C9441CF72B5F135D00C682E7 /* ReminderViewController.swift */ = {isa = PBXFileReference; lastKnownFileType = sourcecode.swift; path = ReminderViewController.swift; sourceTree = "<group>"; };
		C9441CF92B5F18CF00C682E7 /* ReminderViewViewController.swift */ = {isa = PBXFileReference; lastKnownFileType = sourcecode.swift; path = ReminderViewViewController.swift; sourceTree = "<group>"; };
		C9441CFB2B5F459900C682E7 /* scheduledViewController.swift */ = {isa = PBXFileReference; lastKnownFileType = sourcecode.swift; path = scheduledViewController.swift; sourceTree = "<group>"; };
		C9441CFD2B5F45AD00C682E7 /* todayViewController.swift */ = {isa = PBXFileReference; lastKnownFileType = sourcecode.swift; path = todayViewController.swift; sourceTree = "<group>"; };
		C9441CFF2B5F45D500C682E7 /* allViewController.swift */ = {isa = PBXFileReference; lastKnownFileType = sourcecode.swift; path = allViewController.swift; sourceTree = "<group>"; };
		C94ED0202B741A7C00BD0A02 /* Notification.swift */ = {isa = PBXFileReference; lastKnownFileType = sourcecode.swift; path = Notification.swift; sourceTree = "<group>"; };
		C953C8382B6D6FF500121C55 /* ManagerSelectOptionViewController.swift */ = {isa = PBXFileReference; lastKnownFileType = sourcecode.swift; path = ManagerSelectOptionViewController.swift; sourceTree = "<group>"; };
		C953C83A2B6D71E100121C55 /* Manager.swift */ = {isa = PBXFileReference; lastKnownFileType = sourcecode.swift; path = Manager.swift; sourceTree = "<group>"; };
		C96111382B6C007A00045F55 /* UserData.swift */ = {isa = PBXFileReference; lastKnownFileType = sourcecode.swift; path = UserData.swift; sourceTree = "<group>"; };
		C961113A2B6C041900045F55 /* Model.swift */ = {isa = PBXFileReference; lastKnownFileType = sourcecode.swift; path = Model.swift; sourceTree = "<group>"; };
		C964D7A12B6EEAA100E6CCA8 /* UserDataPersistence.swift */ = {isa = PBXFileReference; lastKnownFileType = sourcecode.swift; path = UserDataPersistence.swift; sourceTree = "<group>"; };
		C964D7A32B6F174D00E6CCA8 /* User.swift */ = {isa = PBXFileReference; lastKnownFileType = sourcecode.swift; path = User.swift; sourceTree = "<group>"; };
		C964D7A52B6F19F600E6CCA8 /* User Profile.swift */ = {isa = PBXFileReference; lastKnownFileType = sourcecode.swift; path = "User Profile.swift"; sourceTree = "<group>"; };
		C978887B2B5E172D00F00409 /* DataViewController.swift */ = {isa = PBXFileReference; lastKnownFileType = sourcecode.swift; path = DataViewController.swift; sourceTree = "<group>"; };
		C978887D2B5ED0B800F00409 /* SignUPViewController.swift */ = {isa = PBXFileReference; lastKnownFileType = sourcecode.swift; path = SignUPViewController.swift; sourceTree = "<group>"; };
		C978887F2B5ED21300F00409 /* NavSelectorViewController.swift */ = {isa = PBXFileReference; lastKnownFileType = sourcecode.swift; path = NavSelectorViewController.swift; sourceTree = "<group>"; };
		C97888842B5EE21D00F00409 /* SelectOptionViewController.swift */ = {isa = PBXFileReference; lastKnownFileType = sourcecode.swift; path = SelectOptionViewController.swift; sourceTree = "<group>"; };
		C9831A942B6FFF3B001FA960 /* UserDataSingleton.swift */ = {isa = PBXFileReference; lastKnownFileType = sourcecode.swift; path = UserDataSingleton.swift; sourceTree = "<group>"; };
		C9BA173F2B69947700195804 /* LoginViewController.swift */ = {isa = PBXFileReference; lastKnownFileType = sourcecode.swift; path = LoginViewController.swift; sourceTree = "<group>"; };
		C9C8030C2B6C354A00C3F8D3 /* ModelCell.swift */ = {isa = PBXFileReference; lastKnownFileType = sourcecode.swift; path = ModelCell.swift; sourceTree = "<group>"; };
		C9C8030E2B6C5D1700C3F8D3 /* ModelsNavSelectorViewController.swift */ = {isa = PBXFileReference; lastKnownFileType = sourcecode.swift; path = ModelsNavSelectorViewController.swift; sourceTree = "<group>"; };
		C9C871E52B71E0E100A27E9B /* UserDataManager.swift */ = {isa = PBXFileReference; lastKnownFileType = sourcecode.swift; path = UserDataManager.swift; sourceTree = "<group>"; };
		C9D0419B2B6B1E5100BF09F5 /* AddLinksViewController.swift */ = {isa = PBXFileReference; lastKnownFileType = sourcecode.swift; path = AddLinksViewController.swift; sourceTree = "<group>"; };
		C9FB4D9B2B5D9DB6001D962A /* Onlyfans Tracker.app */ = {isa = PBXFileReference; explicitFileType = wrapper.application; includeInIndex = 0; path = "Onlyfans Tracker.app"; sourceTree = BUILT_PRODUCTS_DIR; };
		C9FB4D9E2B5D9DB6001D962A /* AppDelegate.swift */ = {isa = PBXFileReference; lastKnownFileType = sourcecode.swift; path = AppDelegate.swift; sourceTree = "<group>"; };
		C9FB4DA02B5D9DB6001D962A /* SceneDelegate.swift */ = {isa = PBXFileReference; lastKnownFileType = sourcecode.swift; path = SceneDelegate.swift; sourceTree = "<group>"; };
		C9FB4DA22B5D9DB6001D962A /* ViewController.swift */ = {isa = PBXFileReference; lastKnownFileType = sourcecode.swift; path = ViewController.swift; sourceTree = "<group>"; };
		C9FB4DA52B5D9DB6001D962A /* Base */ = {isa = PBXFileReference; lastKnownFileType = file.storyboard; name = Base; path = Base.lproj/Main.storyboard; sourceTree = "<group>"; };
		C9FB4DA72B5D9DB8001D962A /* Assets.xcassets */ = {isa = PBXFileReference; lastKnownFileType = folder.assetcatalog; path = Assets.xcassets; sourceTree = "<group>"; };
		C9FB4DAA2B5D9DB8001D962A /* Base */ = {isa = PBXFileReference; lastKnownFileType = file.storyboard; name = Base; path = Base.lproj/LaunchScreen.storyboard; sourceTree = "<group>"; };
		C9FB4DAC2B5D9DB8001D962A /* Info.plist */ = {isa = PBXFileReference; lastKnownFileType = text.plist.xml; path = Info.plist; sourceTree = "<group>"; };
/* End PBXFileReference section */

/* Begin PBXFrameworksBuildPhase section */
		C9FB4D982B5D9DB6001D962A /* Frameworks */ = {
			isa = PBXFrameworksBuildPhase;
			buildActionMask = 2147483647;
			files = (
				C922E28E2B6AAC3B00B7B52F /* FirebaseMessaging in Frameworks */,
				C922E2862B6AAC3B00B7B52F /* FirebaseDatabase in Frameworks */,
				C922E28A2B6AAC3B00B7B52F /* FirebaseInAppMessaging-Beta in Frameworks */,
				C922E2902B6AAC3B00B7B52F /* FirebaseStorage in Frameworks */,
				C922E28C2B6AAC3B00B7B52F /* FirebaseInAppMessagingSwift-Beta in Frameworks */,
				C986148B2B67F3F0001D124A /* SDWebImageMapKit in Frameworks */,
				C98614892B67F3F0001D124A /* SDWebImage in Frameworks */,
				C922E2822B6AAC3B00B7B52F /* FirebaseAnalytics in Frameworks */,
				C922E2842B6AAC3B00B7B52F /* FirebaseAuth in Frameworks */,
				C922E2882B6AAC3B00B7B52F /* FirebaseFirestore in Frameworks */,
			);
			runOnlyForDeploymentPostprocessing = 0;
		};
/* End PBXFrameworksBuildPhase section */

/* Begin PBXGroup section */
		C9FB4D922B5D9DB6001D962A = {
			isa = PBXGroup;
			children = (
				C9FB4D9D2B5D9DB6001D962A /* Onlyfans Tracker */,
				C9FB4D9C2B5D9DB6001D962A /* Products */,
			);
			sourceTree = "<group>";
		};
		C9FB4D9C2B5D9DB6001D962A /* Products */ = {
			isa = PBXGroup;
			children = (
				C9FB4D9B2B5D9DB6001D962A /* Onlyfans Tracker.app */,
			);
			name = Products;
			sourceTree = "<group>";
		};
		C9FB4D9D2B5D9DB6001D962A /* Onlyfans Tracker */ = {
			isa = PBXGroup;
			children = (
				C9FB4D9E2B5D9DB6001D962A /* AppDelegate.swift */,
				C9FB4DA02B5D9DB6001D962A /* SceneDelegate.swift */,
				C9FB4DA22B5D9DB6001D962A /* ViewController.swift */,
				C9441CF72B5F135D00C682E7 /* ReminderViewController.swift */,
				C96111382B6C007A00045F55 /* UserData.swift */,
				C978887B2B5E172D00F00409 /* DataViewController.swift */,
				C939F0B72B5DC04400EAC39F /* OFAPICALLER.swift */,
				C939F0B92B5DC2E400EAC39F /* OFMODELDATA.swift */,
				C978887F2B5ED21300F00409 /* NavSelectorViewController.swift */,
				C9C8030E2B6C5D1700C3F8D3 /* ModelsNavSelectorViewController.swift */,
				C953C8382B6D6FF500121C55 /* ManagerSelectOptionViewController.swift */,
				C97888842B5EE21D00F00409 /* SelectOptionViewController.swift */,
				C9D0419B2B6B1E5100BF09F5 /* AddLinksViewController.swift */,
				C92BA81B2B6B3BB700511CBD /* AddModelLinksViewController.swift */,
				C94ED0202B741A7C00BD0A02 /* Notification.swift */,
				C964D7A32B6F174D00E6CCA8 /* User.swift */,
				C953C83A2B6D71E100121C55 /* Manager.swift */,
				C9C8030C2B6C354A00C3F8D3 /* ModelCell.swift */,
				C9441CF92B5F18CF00C682E7 /* ReminderViewViewController.swift */,
				C9441CFF2B5F45D500C682E7 /* allViewController.swift */,
				C922E2912B6AC53C00B7B52F /* OnboardingViewController.swift */,
				C964D7A12B6EEAA100E6CCA8 /* UserDataPersistence.swift */,
				C922E2932B6AC68F00B7B52F /* QuestionViewController.swift */,
				C961113A2B6C041900045F55 /* Model.swift */,
				C92BA8172B6B327C00511CBD /* HowManyModelsViewController.swift */,
				C92BA8152B6B320000511CBD /* ManagerNameViewController.swift */,
				C9441CFD2B5F45AD00C682E7 /* todayViewController.swift */,
				C9441CFB2B5F459900C682E7 /* scheduledViewController.swift */,
				C9BA173F2B69947700195804 /* LoginViewController.swift */,
				C978887D2B5ED0B800F00409 /* SignUPViewController.swift */,
				C9C871E52B71E0E100A27E9B /* UserDataManager.swift */,
				C9831A942B6FFF3B001FA960 /* UserDataSingleton.swift */,
				C964D7A52B6F19F600E6CCA8 /* User Profile.swift */,
				C9FB4DA42B5D9DB6001D962A /* Main.storyboard */,
				C9FB4DA72B5D9DB8001D962A /* Assets.xcassets */,
				C902BE842B6864DF0004FA7D /* GoogleService-Info.plist */,
				C9FB4DA92B5D9DB8001D962A /* LaunchScreen.storyboard */,
				C9FB4DAC2B5D9DB8001D962A /* Info.plist */,
			);
			path = "Onlyfans Tracker";
			sourceTree = "<group>";
		};
/* End PBXGroup section */

/* Begin PBXNativeTarget section */
		C9FB4D9A2B5D9DB6001D962A /* Onlyfans Tracker */ = {
			isa = PBXNativeTarget;
			buildConfigurationList = C9FB4DAF2B5D9DB8001D962A /* Build configuration list for PBXNativeTarget "Onlyfans Tracker" */;
			buildPhases = (
				C9FB4D972B5D9DB6001D962A /* Sources */,
				C9FB4D982B5D9DB6001D962A /* Frameworks */,
				C9FB4D992B5D9DB6001D962A /* Resources */,
			);
			buildRules = (
			);
			dependencies = (
			);
			name = "Onlyfans Tracker";
			packageProductDependencies = (
				C98614882B67F3F0001D124A /* SDWebImage */,
				C986148A2B67F3F0001D124A /* SDWebImageMapKit */,
				C922E2812B6AAC3B00B7B52F /* FirebaseAnalytics */,
				C922E2832B6AAC3B00B7B52F /* FirebaseAuth */,
				C922E2852B6AAC3B00B7B52F /* FirebaseDatabase */,
				C922E2872B6AAC3B00B7B52F /* FirebaseFirestore */,
				C922E2892B6AAC3B00B7B52F /* FirebaseInAppMessaging-Beta */,
				C922E28B2B6AAC3B00B7B52F /* FirebaseInAppMessagingSwift-Beta */,
				C922E28D2B6AAC3B00B7B52F /* FirebaseMessaging */,
				C922E28F2B6AAC3B00B7B52F /* FirebaseStorage */,
			);
			productName = "Onlyfans Tracker";
			productReference = C9FB4D9B2B5D9DB6001D962A /* Onlyfans Tracker.app */;
			productType = "com.apple.product-type.application";
		};
/* End PBXNativeTarget section */

/* Begin PBXProject section */
		C9FB4D932B5D9DB6001D962A /* Project object */ = {
			isa = PBXProject;
			attributes = {
				BuildIndependentTargetsInParallel = 1;
				LastSwiftUpdateCheck = 1420;
				LastUpgradeCheck = 1420;
				TargetAttributes = {
					C9FB4D9A2B5D9DB6001D962A = {
						CreatedOnToolsVersion = 14.2;
					};
				};
			};
			buildConfigurationList = C9FB4D962B5D9DB6001D962A /* Build configuration list for PBXProject "Onlyfans Tracker" */;
			compatibilityVersion = "Xcode 14.0";
			developmentRegion = en;
			hasScannedForEncodings = 0;
			knownRegions = (
				en,
				Base,
			);
			mainGroup = C9FB4D922B5D9DB6001D962A;
			packageReferences = (
				C98614872B67F3F0001D124A /* XCRemoteSwiftPackageReference "SDWebImage" */,
				C922E2802B6AAC3B00B7B52F /* XCRemoteSwiftPackageReference "firebase-ios-sdk" */,
			);
			productRefGroup = C9FB4D9C2B5D9DB6001D962A /* Products */;
			projectDirPath = "";
			projectRoot = "";
			targets = (
				C9FB4D9A2B5D9DB6001D962A /* Onlyfans Tracker */,
			);
		};
/* End PBXProject section */

/* Begin PBXResourcesBuildPhase section */
		C9FB4D992B5D9DB6001D962A /* Resources */ = {
			isa = PBXResourcesBuildPhase;
			buildActionMask = 2147483647;
			files = (
				C9FB4DAB2B5D9DB8001D962A /* LaunchScreen.storyboard in Resources */,
				C902BE852B6864DF0004FA7D /* GoogleService-Info.plist in Resources */,
				C9FB4DA82B5D9DB8001D962A /* Assets.xcassets in Resources */,
				C9FB4DA62B5D9DB6001D962A /* Main.storyboard in Resources */,
			);
			runOnlyForDeploymentPostprocessing = 0;
		};
/* End PBXResourcesBuildPhase section */

/* Begin PBXSourcesBuildPhase section */
		C9FB4D972B5D9DB6001D962A /* Sources */ = {
			isa = PBXSourcesBuildPhase;
			buildActionMask = 2147483647;
			files = (
				C9D0419C2B6B1E5100BF09F5 /* AddLinksViewController.swift in Sources */,
				C9441D002B5F45D500C682E7 /* allViewController.swift in Sources */,
				C964D7A22B6EEAA100E6CCA8 /* UserDataPersistence.swift in Sources */,
				C9441CFC2B5F459900C682E7 /* scheduledViewController.swift in Sources */,
				C9C871E62B71E0E100A27E9B /* UserDataManager.swift in Sources */,
				C9FB4DA32B5D9DB6001D962A /* ViewController.swift in Sources */,
				C9BA17402B69947700195804 /* LoginViewController.swift in Sources */,
				C9441CFE2B5F45AD00C682E7 /* todayViewController.swift in Sources */,
				C94ED0212B741A7C00BD0A02 /* Notification.swift in Sources */,
				C92BA8182B6B327C00511CBD /* HowManyModelsViewController.swift in Sources */,
				C964D7A42B6F174D00E6CCA8 /* User.swift in Sources */,
				C9FB4D9F2B5D9DB6001D962A /* AppDelegate.swift in Sources */,
				C9441CF82B5F135D00C682E7 /* ReminderViewController.swift in Sources */,
				C939F0B82B5DC04400EAC39F /* OFAPICALLER.swift in Sources */,
				C922E2942B6AC68F00B7B52F /* QuestionViewController.swift in Sources */,
				C9C8030D2B6C354A00C3F8D3 /* ModelCell.swift in Sources */,
				C92BA81C2B6B3BB700511CBD /* AddModelLinksViewController.swift in Sources */,
				C9FB4DA12B5D9DB6001D962A /* SceneDelegate.swift in Sources */,
				C978887E2B5ED0B800F00409 /* SignUPViewController.swift in Sources */,
				C961113B2B6C041900045F55 /* Model.swift in Sources */,
				C953C83B2B6D71E100121C55 /* Manager.swift in Sources */,
				C978887C2B5E172D00F00409 /* DataViewController.swift in Sources */,
				C922E2922B6AC53C00B7B52F /* OnboardingViewController.swift in Sources */,
				C9831A952B6FFF3B001FA960 /* UserDataSingleton.swift in Sources */,
				C9C8030F2B6C5D1700C3F8D3 /* ModelsNavSelectorViewController.swift in Sources */,
				C953C8392B6D6FF500121C55 /* ManagerSelectOptionViewController.swift in Sources */,
				C96111392B6C007A00045F55 /* UserData.swift in Sources */,
				C92BA8162B6B320000511CBD /* ManagerNameViewController.swift in Sources */,
				C9441CFA2B5F18CF00C682E7 /* ReminderViewViewController.swift in Sources */,
				C939F0BA2B5DC2E400EAC39F /* OFMODELDATA.swift in Sources */,
				C97888852B5EE21D00F00409 /* SelectOptionViewController.swift in Sources */,
				C97888802B5ED21300F00409 /* NavSelectorViewController.swift in Sources */,
				C964D7A62B6F19F600E6CCA8 /* User Profile.swift in Sources */,
			);
			runOnlyForDeploymentPostprocessing = 0;
		};
/* End PBXSourcesBuildPhase section */

/* Begin PBXVariantGroup section */
		C9FB4DA42B5D9DB6001D962A /* Main.storyboard */ = {
			isa = PBXVariantGroup;
			children = (
				C9FB4DA52B5D9DB6001D962A /* Base */,
			);
			name = Main.storyboard;
			sourceTree = "<group>";
		};
		C9FB4DA92B5D9DB8001D962A /* LaunchScreen.storyboard */ = {
			isa = PBXVariantGroup;
			children = (
				C9FB4DAA2B5D9DB8001D962A /* Base */,
			);
			name = LaunchScreen.storyboard;
			sourceTree = "<group>";
		};
/* End PBXVariantGroup section */

/* Begin XCBuildConfiguration section */
		C9FB4DAD2B5D9DB8001D962A /* Debug */ = {
			isa = XCBuildConfiguration;
			buildSettings = {
				ALWAYS_SEARCH_USER_PATHS = NO;
				CLANG_ANALYZER_NONNULL = YES;
				CLANG_ANALYZER_NUMBER_OBJECT_CONVERSION = YES_AGGRESSIVE;
				CLANG_CXX_LANGUAGE_STANDARD = "gnu++20";
				CLANG_ENABLE_MODULES = YES;
				CLANG_ENABLE_OBJC_ARC = YES;
				CLANG_ENABLE_OBJC_WEAK = YES;
				CLANG_WARN_BLOCK_CAPTURE_AUTORELEASING = YES;
				CLANG_WARN_BOOL_CONVERSION = YES;
				CLANG_WARN_COMMA = YES;
				CLANG_WARN_CONSTANT_CONVERSION = YES;
				CLANG_WARN_DEPRECATED_OBJC_IMPLEMENTATIONS = YES;
				CLANG_WARN_DIRECT_OBJC_ISA_USAGE = YES_ERROR;
				CLANG_WARN_DOCUMENTATION_COMMENTS = YES;
				CLANG_WARN_EMPTY_BODY = YES;
				CLANG_WARN_ENUM_CONVERSION = YES;
				CLANG_WARN_INFINITE_RECURSION = YES;
				CLANG_WARN_INT_CONVERSION = YES;
				CLANG_WARN_NON_LITERAL_NULL_CONVERSION = YES;
				CLANG_WARN_OBJC_IMPLICIT_RETAIN_SELF = YES;
				CLANG_WARN_OBJC_LITERAL_CONVERSION = YES;
				CLANG_WARN_OBJC_ROOT_CLASS = YES_ERROR;
				CLANG_WARN_QUOTED_INCLUDE_IN_FRAMEWORK_HEADER = YES;
				CLANG_WARN_RANGE_LOOP_ANALYSIS = YES;
				CLANG_WARN_STRICT_PROTOTYPES = YES;
				CLANG_WARN_SUSPICIOUS_MOVE = YES;
				CLANG_WARN_UNGUARDED_AVAILABILITY = YES_AGGRESSIVE;
				CLANG_WARN_UNREACHABLE_CODE = YES;
				CLANG_WARN__DUPLICATE_METHOD_MATCH = YES;
				COPY_PHASE_STRIP = NO;
				DEBUG_INFORMATION_FORMAT = dwarf;
				ENABLE_STRICT_OBJC_MSGSEND = YES;
				ENABLE_TESTABILITY = YES;
				GCC_C_LANGUAGE_STANDARD = gnu11;
				GCC_DYNAMIC_NO_PIC = NO;
				GCC_NO_COMMON_BLOCKS = YES;
				GCC_OPTIMIZATION_LEVEL = 0;
				GCC_PREPROCESSOR_DEFINITIONS = (
					"DEBUG=1",
					"$(inherited)",
				);
				GCC_WARN_64_TO_32_BIT_CONVERSION = YES;
				GCC_WARN_ABOUT_RETURN_TYPE = YES_ERROR;
				GCC_WARN_UNDECLARED_SELECTOR = YES;
				GCC_WARN_UNINITIALIZED_AUTOS = YES_AGGRESSIVE;
				GCC_WARN_UNUSED_FUNCTION = YES;
				GCC_WARN_UNUSED_VARIABLE = YES;
				IPHONEOS_DEPLOYMENT_TARGET = 16.2;
				MTL_ENABLE_DEBUG_INFO = INCLUDE_SOURCE;
				MTL_FAST_MATH = YES;
				ONLY_ACTIVE_ARCH = YES;
				SDKROOT = iphoneos;
				SWIFT_ACTIVE_COMPILATION_CONDITIONS = DEBUG;
				SWIFT_OPTIMIZATION_LEVEL = "-Onone";
			};
			name = Debug;
		};
		C9FB4DAE2B5D9DB8001D962A /* Release */ = {
			isa = XCBuildConfiguration;
			buildSettings = {
				ALWAYS_SEARCH_USER_PATHS = NO;
				CLANG_ANALYZER_NONNULL = YES;
				CLANG_ANALYZER_NUMBER_OBJECT_CONVERSION = YES_AGGRESSIVE;
				CLANG_CXX_LANGUAGE_STANDARD = "gnu++20";
				CLANG_ENABLE_MODULES = YES;
				CLANG_ENABLE_OBJC_ARC = YES;
				CLANG_ENABLE_OBJC_WEAK = YES;
				CLANG_WARN_BLOCK_CAPTURE_AUTORELEASING = YES;
				CLANG_WARN_BOOL_CONVERSION = YES;
				CLANG_WARN_COMMA = YES;
				CLANG_WARN_CONSTANT_CONVERSION = YES;
				CLANG_WARN_DEPRECATED_OBJC_IMPLEMENTATIONS = YES;
				CLANG_WARN_DIRECT_OBJC_ISA_USAGE = YES_ERROR;
				CLANG_WARN_DOCUMENTATION_COMMENTS = YES;
				CLANG_WARN_EMPTY_BODY = YES;
				CLANG_WARN_ENUM_CONVERSION = YES;
				CLANG_WARN_INFINITE_RECURSION = YES;
				CLANG_WARN_INT_CONVERSION = YES;
				CLANG_WARN_NON_LITERAL_NULL_CONVERSION = YES;
				CLANG_WARN_OBJC_IMPLICIT_RETAIN_SELF = YES;
				CLANG_WARN_OBJC_LITERAL_CONVERSION = YES;
				CLANG_WARN_OBJC_ROOT_CLASS = YES_ERROR;
				CLANG_WARN_QUOTED_INCLUDE_IN_FRAMEWORK_HEADER = YES;
				CLANG_WARN_RANGE_LOOP_ANALYSIS = YES;
				CLANG_WARN_STRICT_PROTOTYPES = YES;
				CLANG_WARN_SUSPICIOUS_MOVE = YES;
				CLANG_WARN_UNGUARDED_AVAILABILITY = YES_AGGRESSIVE;
				CLANG_WARN_UNREACHABLE_CODE = YES;
				CLANG_WARN__DUPLICATE_METHOD_MATCH = YES;
				COPY_PHASE_STRIP = NO;
				DEBUG_INFORMATION_FORMAT = "dwarf-with-dsym";
				ENABLE_NS_ASSERTIONS = NO;
				ENABLE_STRICT_OBJC_MSGSEND = YES;
				GCC_C_LANGUAGE_STANDARD = gnu11;
				GCC_NO_COMMON_BLOCKS = YES;
				GCC_WARN_64_TO_32_BIT_CONVERSION = YES;
				GCC_WARN_ABOUT_RETURN_TYPE = YES_ERROR;
				GCC_WARN_UNDECLARED_SELECTOR = YES;
				GCC_WARN_UNINITIALIZED_AUTOS = YES_AGGRESSIVE;
				GCC_WARN_UNUSED_FUNCTION = YES;
				GCC_WARN_UNUSED_VARIABLE = YES;
				IPHONEOS_DEPLOYMENT_TARGET = 16.2;
				MTL_ENABLE_DEBUG_INFO = NO;
				MTL_FAST_MATH = YES;
				SDKROOT = iphoneos;
				SWIFT_COMPILATION_MODE = wholemodule;
				SWIFT_OPTIMIZATION_LEVEL = "-O";
				VALIDATE_PRODUCT = YES;
			};
			name = Release;
		};
		C9FB4DB02B5D9DB8001D962A /* Debug */ = {
			isa = XCBuildConfiguration;
			buildSettings = {
				ASSETCATALOG_COMPILER_APPICON_NAME = AppIcon;
				ASSETCATALOG_COMPILER_GLOBAL_ACCENT_COLOR_NAME = AccentColor;
				CODE_SIGN_STYLE = Automatic;
				CURRENT_PROJECT_VERSION = 1;
				DEVELOPMENT_TEAM = A3M4AFU3DN;
				GENERATE_INFOPLIST_FILE = YES;
				INFOPLIST_FILE = "Onlyfans Tracker/Info.plist";
				INFOPLIST_KEY_UIApplicationSupportsIndirectInputEvents = YES;
				INFOPLIST_KEY_UILaunchStoryboardName = LaunchScreen;
				INFOPLIST_KEY_UIMainStoryboardFile = Main;
				INFOPLIST_KEY_UISupportedInterfaceOrientations_iPad = "UIInterfaceOrientationPortrait UIInterfaceOrientationPortraitUpsideDown UIInterfaceOrientationLandscapeLeft UIInterfaceOrientationLandscapeRight";
				INFOPLIST_KEY_UISupportedInterfaceOrientations_iPhone = "UIInterfaceOrientationPortrait UIInterfaceOrientationLandscapeLeft UIInterfaceOrientationLandscapeRight";
				LD_RUNPATH_SEARCH_PATHS = (
					"$(inherited)",
					"@executable_path/Frameworks",
				);
				MARKETING_VERSION = 1.0;
				PRODUCT_BUNDLE_IDENTIFIER = "G.O.D.Onlyfans-Tracker";
				PRODUCT_NAME = "$(TARGET_NAME)";
				SWIFT_EMIT_LOC_STRINGS = YES;
				SWIFT_VERSION = 5.0;
				TARGETED_DEVICE_FAMILY = "1,2";
			};
			name = Debug;
		};
		C9FB4DB12B5D9DB8001D962A /* Release */ = {
			isa = XCBuildConfiguration;
			buildSettings = {
				ASSETCATALOG_COMPILER_APPICON_NAME = AppIcon;
				ASSETCATALOG_COMPILER_GLOBAL_ACCENT_COLOR_NAME = AccentColor;
				CODE_SIGN_STYLE = Automatic;
				CURRENT_PROJECT_VERSION = 1;
				DEVELOPMENT_TEAM = A3M4AFU3DN;
				GENERATE_INFOPLIST_FILE = YES;
				INFOPLIST_FILE = "Onlyfans Tracker/Info.plist";
				INFOPLIST_KEY_UIApplicationSupportsIndirectInputEvents = YES;
				INFOPLIST_KEY_UILaunchStoryboardName = LaunchScreen;
				INFOPLIST_KEY_UIMainStoryboardFile = Main;
				INFOPLIST_KEY_UISupportedInterfaceOrientations_iPad = "UIInterfaceOrientationPortrait UIInterfaceOrientationPortraitUpsideDown UIInterfaceOrientationLandscapeLeft UIInterfaceOrientationLandscapeRight";
				INFOPLIST_KEY_UISupportedInterfaceOrientations_iPhone = "UIInterfaceOrientationPortrait UIInterfaceOrientationLandscapeLeft UIInterfaceOrientationLandscapeRight";
				LD_RUNPATH_SEARCH_PATHS = (
					"$(inherited)",
					"@executable_path/Frameworks",
				);
				MARKETING_VERSION = 1.0;
				PRODUCT_BUNDLE_IDENTIFIER = "G.O.D.Onlyfans-Tracker";
				PRODUCT_NAME = "$(TARGET_NAME)";
				SWIFT_EMIT_LOC_STRINGS = YES;
				SWIFT_VERSION = 5.0;
				TARGETED_DEVICE_FAMILY = "1,2";
			};
			name = Release;
		};
/* End XCBuildConfiguration section */

/* Begin XCConfigurationList section */
		C9FB4D962B5D9DB6001D962A /* Build configuration list for PBXProject "Onlyfans Tracker" */ = {
			isa = XCConfigurationList;
			buildConfigurations = (
				C9FB4DAD2B5D9DB8001D962A /* Debug */,
				C9FB4DAE2B5D9DB8001D962A /* Release */,
			);
			defaultConfigurationIsVisible = 0;
			defaultConfigurationName = Release;
		};
		C9FB4DAF2B5D9DB8001D962A /* Build configuration list for PBXNativeTarget "Onlyfans Tracker" */ = {
			isa = XCConfigurationList;
			buildConfigurations = (
				C9FB4DB02B5D9DB8001D962A /* Debug */,
				C9FB4DB12B5D9DB8001D962A /* Release */,
			);
			defaultConfigurationIsVisible = 0;
			defaultConfigurationName = Release;
		};
/* End XCConfigurationList section */

/* Begin XCRemoteSwiftPackageReference section */
		C922E2802B6AAC3B00B7B52F /* XCRemoteSwiftPackageReference "firebase-ios-sdk" */ = {
			isa = XCRemoteSwiftPackageReference;
			repositoryURL = "https://github.com/firebase/firebase-ios-sdk";
			requirement = {
				kind = upToNextMajorVersion;
				minimumVersion = 9.0.0;
			};
		};
		C98614872B67F3F0001D124A /* XCRemoteSwiftPackageReference "SDWebImage" */ = {
			isa = XCRemoteSwiftPackageReference;
			repositoryURL = "https://github.com/SDWebImage/SDWebImage.git";
			requirement = {
				kind = upToNextMajorVersion;
				minimumVersion = 5.0.0;
			};
		};
/* End XCRemoteSwiftPackageReference section */

/* Begin XCSwiftPackageProductDependency section */
		C922E2812B6AAC3B00B7B52F /* FirebaseAnalytics */ = {
			isa = XCSwiftPackageProductDependency;
			package = C922E2802B6AAC3B00B7B52F /* XCRemoteSwiftPackageReference "firebase-ios-sdk" */;
			productName = FirebaseAnalytics;
		};
		C922E2832B6AAC3B00B7B52F /* FirebaseAuth */ = {
			isa = XCSwiftPackageProductDependency;
			package = C922E2802B6AAC3B00B7B52F /* XCRemoteSwiftPackageReference "firebase-ios-sdk" */;
			productName = FirebaseAuth;
		};
		C922E2852B6AAC3B00B7B52F /* FirebaseDatabase */ = {
			isa = XCSwiftPackageProductDependency;
			package = C922E2802B6AAC3B00B7B52F /* XCRemoteSwiftPackageReference "firebase-ios-sdk" */;
			productName = FirebaseDatabase;
		};
		C922E2872B6AAC3B00B7B52F /* FirebaseFirestore */ = {
			isa = XCSwiftPackageProductDependency;
			package = C922E2802B6AAC3B00B7B52F /* XCRemoteSwiftPackageReference "firebase-ios-sdk" */;
			productName = FirebaseFirestore;
		};
		C922E2892B6AAC3B00B7B52F /* FirebaseInAppMessaging-Beta */ = {
			isa = XCSwiftPackageProductDependency;
			package = C922E2802B6AAC3B00B7B52F /* XCRemoteSwiftPackageReference "firebase-ios-sdk" */;
			productName = "FirebaseInAppMessaging-Beta";
		};
		C922E28B2B6AAC3B00B7B52F /* FirebaseInAppMessagingSwift-Beta */ = {
			isa = XCSwiftPackageProductDependency;
			package = C922E2802B6AAC3B00B7B52F /* XCRemoteSwiftPackageReference "firebase-ios-sdk" */;
			productName = "FirebaseInAppMessagingSwift-Beta";
		};
		C922E28D2B6AAC3B00B7B52F /* FirebaseMessaging */ = {
			isa = XCSwiftPackageProductDependency;
			package = C922E2802B6AAC3B00B7B52F /* XCRemoteSwiftPackageReference "firebase-ios-sdk" */;
			productName = FirebaseMessaging;
		};
		C922E28F2B6AAC3B00B7B52F /* FirebaseStorage */ = {
			isa = XCSwiftPackageProductDependency;
			package = C922E2802B6AAC3B00B7B52F /* XCRemoteSwiftPackageReference "firebase-ios-sdk" */;
			productName = FirebaseStorage;
		};
		C98614882B67F3F0001D124A /* SDWebImage */ = {
			isa = XCSwiftPackageProductDependency;
			package = C98614872B67F3F0001D124A /* XCRemoteSwiftPackageReference "SDWebImage" */;
			productName = SDWebImage;
		};
		C986148A2B67F3F0001D124A /* SDWebImageMapKit */ = {
			isa = XCSwiftPackageProductDependency;
			package = C98614872B67F3F0001D124A /* XCRemoteSwiftPackageReference "SDWebImage" */;
			productName = SDWebImageMapKit;
		};
/* End XCSwiftPackageProductDependency section */
	};
	rootObject = C9FB4D932B5D9DB6001D962A /* Project object */;
}
